{
    "version": 3,
    "terraform_version": "0.11.10",
    "serial": 3,
    "lineage": "e2d36014-80c7-4611-bab1-a8ee5a40a986",
    "modules": [
        {
            "path": [
                "root"
            ],
            "outputs": {},
            "resources": {
                "aws_s3_bucket.tfbucket": {
                    "type": "aws_s3_bucket",
                    "depends_on": [],
                    "primary": {
                        "id": "eamonstestbucket",
                        "attributes": {
                            "acceleration_status": "",
                            "acl": "public",
                            "arn": "arn:aws:s3:::eamonstestbucket",
                            "bucket": "eamonstestbucket",
                            "bucket_domain_name": "eamonstestbucket.s3.amazonaws.com",
                            "bucket_regional_domain_name": "eamonstestbucket.s3.ap-southeast-2.amazonaws.com",
                            "cors_rule.#": "0",
                            "force_destroy": "false",
                            "hosted_zone_id": "Z1WCIGYICN2BYD",
                            "id": "eamonstestbucket",
                            "lifecycle_rule.#": "0",
                            "logging.#": "0",
                            "region": "ap-southeast-2",
                            "replication_configuration.#": "0",
                            "request_payer": "BucketOwner",
                            "server_side_encryption_configuration.#": "0",
                            "tags.%": "0",
                            "versioning.#": "1",
                            "versioning.0.enabled": "false",
                            "versioning.0.mfa_delete": "false",
                            "website.#": "0"
                        },
                        "meta": {},
                        "tainted": false
                    },
                    "deposed": [],
                    "provider": "provider.aws"
                }
            },
            "depends_on": []
        }
    ]
}
